{
    "_readme": [
        "This file locks the dependencies of your project to a known state",
        "Read more about it at https://getcomposer.org/doc/01-basic-usage.md#installing-dependencies",
        "This file is @generated automatically"
    ],
    "content-hash": "0d2b6dcffa7f47162887bf9299482f4e",
    "packages": [
        {
            "name": "diversen/redbean-composer",
            "version": "4.3.2",
            "source": {
                "type": "git",
                "url": "https://github.com/diversen/redbean-composer.git",
                "reference": "96b6de8f547448da0e4317fca1ed686e8f067ab8"
            },
            "dist": {
                "type": "zip",
                "url": "https://api.github.com/repos/diversen/redbean-composer/zipball/96b6de8f547448da0e4317fca1ed686e8f067ab8",
                "reference": "96b6de8f547448da0e4317fca1ed686e8f067ab8",
                "shasum": ""
            },
            "type": "library",
            "notification-url": "https://packagist.org/downloads/",
            "license": [
                "DUAL Licensed New BSD and GPLv2"
            ],
            "authors": [
                {
                    "name": "gabordemooij",
                    "homepage": "https://github.com/gabordemooij/redbean",
                    "role": "Developer"
                }
            ],
            "description": "Latest Redbeanphp as a simgle file ",
            "homepage": "http://github.com/diversen/redbean-composer",
            "keywords": [
                "composer",
                "orm",
                "redbean"
            ],
            "support": {
                "issues": "https://github.com/diversen/redbean-composer/issues",
                "source": "https://github.com/diversen/redbean-composer/tree/master"
            },
            "abandoned": true,
            "time": "2016-06-16T12:56:33+00:00"
        },
        {
            "name": "gabordemooij/redbean",
            "version": "v5.7.4",
            "source": {
                "type": "git",
                "url": "https://github.com/gabordemooij/redbean.git",
                "reference": "274c426583d91b20a1e39968b2e20969ef83cd1d"
            },
            "dist": {
                "type": "zip",
                "url": "https://api.github.com/repos/gabordemooij/redbean/zipball/274c426583d91b20a1e39968b2e20969ef83cd1d",
                "reference": "274c426583d91b20a1e39968b2e20969ef83cd1d",
                "shasum": ""
            },
            "require": {
                "php": ">=5.3.4"
            },
            "type": "library",
            "autoload": {
                "psr-4": {
                    "RedBeanPHP\\": "RedBeanPHP"
                }
            },
            "notification-url": "https://packagist.org/downloads/",
            "license": [
                "BSD-3-Clause"
            ],
            "authors": [
                {
                    "name": "Gabor de Mooij",
                    "email": "gabor@redbeanphp.com",
                    "homepage": "https://redbeanphp.com"
                }
            ],
            "description": "RedBeanPHP ORM",
            "homepage": "https://redbeanphp.com/",
            "keywords": [
                "orm"
            ],
            "support": {
                "issues": "https://github.com/gabordemooij/redbean/issues",
                "source": "https://github.com/gabordemooij/redbean/tree/v5.7.4"
            },
            "time": "2023-03-17T22:39:19+00:00"
        },
        {
            "name": "rakit/validation",
            "version": "v1.4.0",
            "source": {
                "type": "git",
                "url": "https://github.com/rakit/validation.git",
                "reference": "ff003a35cdf5030a5f2482299f4c93f344a35b29"
            },
            "dist": {
                "type": "zip",
                "url": "https://api.github.com/repos/rakit/validation/zipball/ff003a35cdf5030a5f2482299f4c93f344a35b29",
                "reference": "ff003a35cdf5030a5f2482299f4c93f344a35b29",
                "shasum": ""
            },
            "require": {
                "ext-mbstring": "*",
                "php": ">=7.0"
            },
            "require-dev": {
                "php-coveralls/php-coveralls": "^2.2",
                "phpunit/phpunit": "^6.5",
                "squizlabs/php_codesniffer": "^3"
            },
            "type": "library",
            "autoload": {
                "psr-4": {
                    "Rakit\\Validation\\": "src"
                }
            },
            "notification-url": "https://packagist.org/downloads/",
            "license": [
                "MIT"
            ],
            "authors": [
                {
                    "name": "Muhammad Syifa",
                    "email": "emsifa@gmail.com"
                }
            ],
            "description": "PHP Laravel like standalone validation library",
            "support": {
                "issues": "https://github.com/rakit/validation/issues",
                "source": "https://github.com/rakit/validation/tree/v1.4.0"
            },
            "time": "2020-08-27T05:07:01+00:00"
        }
    ],
    "packages-dev": [],
    "aliases": [],
    "minimum-stability": "stable",
    "stability-flags": [],
    "prefer-stable": false,
    "prefer-lowest": false,
    "platform": {
        "ext-pdo": "*"
    },
    "platform-dev": [],
    "plugin-api-version": "2.3.0"
}
